
Microsoft Visual Studio Solution File, Format Version 12.00
# Visual Studio 15
VisualStudioVersion = 15.0.28307.102
MinimumVisualStudioVersion = 10.0.40219.1
Project("{FAE04EC0-301F-11D3-BF4B-00C04F79EFBC}") = "Servers", "Servers\Servers.csproj", "{9C500002-9CF7-4DAB-9C61-4537002933F5}"
EndProject
Global
	GlobalSection(SolutionConfigurationPlatforms) = preSolution
		Debug|Any CPU = Debug|Any CPU
		Release|Any CPU = Release|Any CPU
	EndGlobalSection
	GlobalSection(ProjectConfigurationPlatforms) = postSolution
		{9C500002-9CF7-4DAB-9C61-4537002933F5}.Debug|Any CPU.ActiveCfg = Debug|Any CPU
		{9C500002-9CF7-4DAB-9C61-4537002933F5}.Debug|Any CPU.Build.0 = Debug|Any CPU
		{9C500002-9CF7-4DAB-9C61-4537002933F5}.Release|Any CPU.ActiveCfg = Release|Any CPU
		{9C500002-9CF7-4DAB-9C61-4537002933F5}.Release|Any CPU.Build.0 = Release|Any CPU
	EndGlobalSection
	GlobalSection(SolutionProperties) = preSolution
		HideSolutionNode = FALSE
	EndGlobalSection
	GlobalSection(ExtensibilityGlobals) = postSolution
		SolutionGuid = {81B04DC9-8524-4E99-8C0A-25F3C87E90CC}
	EndGlobalSection
EndGlobal
